
Microsoft Visual Studio Solution File, Format Version 12.00
# Visual Studio Version 16
VisualStudioVersion = 16.0.31424.327
MinimumVisualStudioVersion = 10.0.40219.1
Project("{FAE04EC0-301F-11D3-BF4B-00C04F79EFBC}") = "Adamsone", "Adamsone\Adamsone.csproj", "{B7689194-445E-4324-92E9-420F953C3EE7}"
EndProject
Global
	GlobalSection(SolutionConfigurationPlatforms) = preSolution
		Debug|Any CPU = Debug|Any CPU
		Release|Any CPU = Release|Any CPU
	EndGlobalSection
	GlobalSection(ProjectConfigurationPlatforms) = postSolution
		{B7689194-445E-4324-92E9-420F953C3EE7}.Debug|Any CPU.ActiveCfg = Debug|Any CPU
		{B7689194-445E-4324-92E9-420F953C3EE7}.Debug|Any CPU.Build.0 = Debug|Any CPU
		{B7689194-445E-4324-92E9-420F953C3EE7}.Release|Any CPU.ActiveCfg = Release|Any CPU
		{B7689194-445E-4324-92E9-420F953C3EE7}.Release|Any CPU.Build.0 = Release|Any CPU
	EndGlobalSection
	GlobalSection(SolutionProperties) = preSolution
		HideSolutionNode = FALSE
	EndGlobalSection
	GlobalSection(ExtensibilityGlobals) = postSolution
		SolutionGuid = {48619B26-C843-4C65-B3F1-A81CE2D390AB}
	EndGlobalSection
EndGlobal
